
Microsoft Visual Studio Solution File, Format Version 12.00
# Visual Studio Version 16
VisualStudioVersion = 16.0.31624.102
MinimumVisualStudioVersion = 10.0.40219.1
Project("{8BC9CEB8-8B4A-11D0-8D11-00A0C91BC942}") = "enum_values", "enum_values\enum_values.vcxproj", "{BBBFF18D-3D28-4DEE-A44C-DCA2A48FBA10}"
EndProject
Project("{8BC9CEB8-8B4A-11D0-8D11-00A0C91BC942}") = "enum_reader", "enum_reader\enum_reader.vcxproj", "{1C5C0543-99E4-48EF-B0EF-255E21715D23}"
EndProject
Global
	GlobalSection(SolutionConfigurationPlatforms) = preSolution
		Debug|x64 = Debug|x64
		Debug|x86 = Debug|x86
		Release|x64 = Release|x64
		Release|x86 = Release|x86
	EndGlobalSection
	GlobalSection(ProjectConfigurationPlatforms) = postSolution
		{BBBFF18D-3D28-4DEE-A44C-DCA2A48FBA10}.Debug|x64.ActiveCfg = Debug|x64
		{BBBFF18D-3D28-4DEE-A44C-DCA2A48FBA10}.Debug|x64.Build.0 = Debug|x64
		{BBBFF18D-3D28-4DEE-A44C-DCA2A48FBA10}.Debug|x86.ActiveCfg = Debug|Win32
		{BBBFF18D-3D28-4DEE-A44C-DCA2A48FBA10}.Debug|x86.Build.0 = Debug|Win32
		{BBBFF18D-3D28-4DEE-A44C-DCA2A48FBA10}.Release|x64.ActiveCfg = Release|x64
		{BBBFF18D-3D28-4DEE-A44C-DCA2A48FBA10}.Release|x64.Build.0 = Release|x64
		{BBBFF18D-3D28-4DEE-A44C-DCA2A48FBA10}.Release|x86.ActiveCfg = Release|Win32
		{BBBFF18D-3D28-4DEE-A44C-DCA2A48FBA10}.Release|x86.Build.0 = Release|Win32
		{1C5C0543-99E4-48EF-B0EF-255E21715D23}.Debug|x64.ActiveCfg = Debug|x64
		{1C5C0543-99E4-48EF-B0EF-255E21715D23}.Debug|x64.Build.0 = Debug|x64
		{1C5C0543-99E4-48EF-B0EF-255E21715D23}.Debug|x86.ActiveCfg = Debug|Win32
		{1C5C0543-99E4-48EF-B0EF-255E21715D23}.Debug|x86.Build.0 = Debug|Win32
		{1C5C0543-99E4-48EF-B0EF-255E21715D23}.Release|x64.ActiveCfg = Release|x64
		{1C5C0543-99E4-48EF-B0EF-255E21715D23}.Release|x64.Build.0 = Release|x64
		{1C5C0543-99E4-48EF-B0EF-255E21715D23}.Release|x86.ActiveCfg = Release|Win32
		{1C5C0543-99E4-48EF-B0EF-255E21715D23}.Release|x86.Build.0 = Release|Win32
	EndGlobalSection
	GlobalSection(SolutionProperties) = preSolution
		HideSolutionNode = FALSE
	EndGlobalSection
	GlobalSection(ExtensibilityGlobals) = postSolution
		SolutionGuid = {12793D47-06AA-4742-B632-518273A25483}
	EndGlobalSection
EndGlobal
